<Solution>
  <Project Path="SharpClaw.Api/SharpClaw.Api.csproj" />
  <Project Path="SharpClaw.Copilot/SharpClaw.Copilot.csproj" />
  <Project Path="SharpClaw.Core/SharpClaw.Core.csproj" />
  <Project Path="SharpClaw.OpenAI/SharpClaw.OpenAI.csproj" />
  <Project Path="SharpClaw.RebuildHook/SharpClaw.RebuildHook.csproj" />
</Solution>