<Solution>
  <Project Path="src/SharpClaw.Core/SharpClaw.Core.csproj" />
  <Project Path="src/SharpClaw.Api/SharpClaw.Api.csproj" />
  <Project Path="src/SharpClaw.Llm/SharpClaw.Llm.csproj" />
  <Project Path="src/SharpClaw.Copilot/SharpClaw.Copilot.csproj" />
  <Project Path="src/SharpClaw.Telegram/SharpClaw.Telegram.csproj" />
</Solution>
